
Microsoft Visual Studio Solution File, Format Version 12.00
# Visual Studio 15
VisualStudioVersion = 15.0.26124.0
MinimumVisualStudioVersion = 15.0.26124.0
Project("{FAE04EC0-301F-11D3-BF4B-00C04F79EFBC}") = "ServiceToggle.Demo", "ServiceToggle.Demo\ServiceToggle.Demo.csproj", "{3FCE0168-1D85-44C9-A879-BD83E3807EE9}"
EndProject
Project("{FAE04EC0-301F-11D3-BF4B-00C04F79EFBC}") = "ServiceToggle.Windsor", "ServiceToggle.Windsor\ServiceToggle.Windsor.csproj", "{F8062C45-E3B0-44B7-8EA3-E831F29A4642}"
EndProject
Global
	GlobalSection(SolutionConfigurationPlatforms) = preSolution
		Debug|Any CPU = Debug|Any CPU
		Debug|x64 = Debug|x64
		Debug|x86 = Debug|x86
		Release|Any CPU = Release|Any CPU
		Release|x64 = Release|x64
		Release|x86 = Release|x86
	EndGlobalSection
	GlobalSection(SolutionProperties) = preSolution
		HideSolutionNode = FALSE
	EndGlobalSection
	GlobalSection(ProjectConfigurationPlatforms) = postSolution
		{3FCE0168-1D85-44C9-A879-BD83E3807EE9}.Debug|Any CPU.ActiveCfg = Debug|Any CPU
		{3FCE0168-1D85-44C9-A879-BD83E3807EE9}.Debug|Any CPU.Build.0 = Debug|Any CPU
		{3FCE0168-1D85-44C9-A879-BD83E3807EE9}.Debug|x64.ActiveCfg = Debug|x64
		{3FCE0168-1D85-44C9-A879-BD83E3807EE9}.Debug|x64.Build.0 = Debug|x64
		{3FCE0168-1D85-44C9-A879-BD83E3807EE9}.Debug|x86.ActiveCfg = Debug|x86
		{3FCE0168-1D85-44C9-A879-BD83E3807EE9}.Debug|x86.Build.0 = Debug|x86
		{3FCE0168-1D85-44C9-A879-BD83E3807EE9}.Release|Any CPU.ActiveCfg = Release|Any CPU
		{3FCE0168-1D85-44C9-A879-BD83E3807EE9}.Release|Any CPU.Build.0 = Release|Any CPU
		{3FCE0168-1D85-44C9-A879-BD83E3807EE9}.Release|x64.ActiveCfg = Release|x64
		{3FCE0168-1D85-44C9-A879-BD83E3807EE9}.Release|x64.Build.0 = Release|x64
		{3FCE0168-1D85-44C9-A879-BD83E3807EE9}.Release|x86.ActiveCfg = Release|x86
		{3FCE0168-1D85-44C9-A879-BD83E3807EE9}.Release|x86.Build.0 = Release|x86
		{F8062C45-E3B0-44B7-8EA3-E831F29A4642}.Debug|Any CPU.ActiveCfg = Debug|Any CPU
		{F8062C45-E3B0-44B7-8EA3-E831F29A4642}.Debug|Any CPU.Build.0 = Debug|Any CPU
		{F8062C45-E3B0-44B7-8EA3-E831F29A4642}.Debug|x64.ActiveCfg = Debug|x64
		{F8062C45-E3B0-44B7-8EA3-E831F29A4642}.Debug|x64.Build.0 = Debug|x64
		{F8062C45-E3B0-44B7-8EA3-E831F29A4642}.Debug|x86.ActiveCfg = Debug|x86
		{F8062C45-E3B0-44B7-8EA3-E831F29A4642}.Debug|x86.Build.0 = Debug|x86
		{F8062C45-E3B0-44B7-8EA3-E831F29A4642}.Release|Any CPU.ActiveCfg = Release|Any CPU
		{F8062C45-E3B0-44B7-8EA3-E831F29A4642}.Release|Any CPU.Build.0 = Release|Any CPU
		{F8062C45-E3B0-44B7-8EA3-E831F29A4642}.Release|x64.ActiveCfg = Release|x64
		{F8062C45-E3B0-44B7-8EA3-E831F29A4642}.Release|x64.Build.0 = Release|x64
		{F8062C45-E3B0-44B7-8EA3-E831F29A4642}.Release|x86.ActiveCfg = Release|x86
		{F8062C45-E3B0-44B7-8EA3-E831F29A4642}.Release|x86.Build.0 = Release|x86
	EndGlobalSection
EndGlobal
